
Microsoft Visual Studio Solution File, Format Version 12.00
# Visual Studio Version 17
VisualStudioVersion = 17.1.32319.34
MinimumVisualStudioVersion = 10.0.40219.1
Project("{FAE04EC0-301F-11D3-BF4B-00C04F79EFBC}") = "Assignment2_DangNgocYenNhi_2190994_DTO", "Assignment2_DangNgocYenNhi_2190994_DTO\Assignment2_DangNgocYenNhi_2190994_DTO.csproj", "{D925CCF7-1FE1-48EC-ABA8-1DD35F223738}"
EndProject
Global
	GlobalSection(SolutionConfigurationPlatforms) = preSolution
		Debug|Any CPU = Debug|Any CPU
		Release|Any CPU = Release|Any CPU
	EndGlobalSection
	GlobalSection(ProjectConfigurationPlatforms) = postSolution
		{D925CCF7-1FE1-48EC-ABA8-1DD35F223738}.Debug|Any CPU.ActiveCfg = Debug|Any CPU
		{D925CCF7-1FE1-48EC-ABA8-1DD35F223738}.Debug|Any CPU.Build.0 = Debug|Any CPU
		{D925CCF7-1FE1-48EC-ABA8-1DD35F223738}.Release|Any CPU.ActiveCfg = Release|Any CPU
		{D925CCF7-1FE1-48EC-ABA8-1DD35F223738}.Release|Any CPU.Build.0 = Release|Any CPU
	EndGlobalSection
	GlobalSection(SolutionProperties) = preSolution
		HideSolutionNode = FALSE
	EndGlobalSection
	GlobalSection(ExtensibilityGlobals) = postSolution
		SolutionGuid = {BBED150F-847D-4FA9-B30A-7242EA4E264E}
	EndGlobalSection
EndGlobal
